
Microsoft Visual Studio Solution File, Format Version 12.00
# Visual Studio 15
VisualStudioVersion = 15.0.26403.7
MinimumVisualStudioVersion = 10.0.40219.1
Project("{9A19103F-16F7-4668-BE54-9A1E7A4F7556}") = "GenericApi", "GenericApi\GenericApi.csproj", "{5AF1816D-761F-44AB-9B7B-038CA4593BC6}"
EndProject
Project("{9A19103F-16F7-4668-BE54-9A1E7A4F7556}") = "GenericApi.Tests", "GenericApi.Tests\GenericApi.Tests.csproj", "{B03B4143-D85E-49D0-943F-9CB8D48B8507}"
EndProject
Project("{FAE04EC0-301F-11D3-BF4B-00C04F79EFBC}") = "SampleWebApi", "Samples\SampleWebApi\SampleWebApi.csproj", "{53F14A9F-59DA-4CAE-8CE3-5366442B770B}"
EndProject
Project("{FAE04EC0-301F-11D3-BF4B-00C04F79EFBC}") = "GenericApi.Extensions.Model", "GenericApi.Extensions.Model\GenericApi.Extensions.Model.csproj", "{A3A48707-80E6-4D40-9B22-18674897DFA9}"
EndProject
Project("{FAE04EC0-301F-11D3-BF4B-00C04F79EFBC}") = "SampleWebApiWithDTO", "Samples\SampleWebApiWithDTO\SampleWebApiWithDTO.csproj", "{FAE5AAF6-23EC-4C1C-8659-19AF8B629945}"
EndProject
Project("{2150E333-8FDC-42A3-9474-1A3956D46DE8}") = "Samples", "Samples", "{691AD735-3794-4BE0-A0FC-E51751005568}"
EndProject
Global
	GlobalSection(SolutionConfigurationPlatforms) = preSolution
		Debug|Any CPU = Debug|Any CPU
		Release|Any CPU = Release|Any CPU
	EndGlobalSection
	GlobalSection(ProjectConfigurationPlatforms) = postSolution
		{5AF1816D-761F-44AB-9B7B-038CA4593BC6}.Debug|Any CPU.ActiveCfg = Debug|Any CPU
		{5AF1816D-761F-44AB-9B7B-038CA4593BC6}.Debug|Any CPU.Build.0 = Debug|Any CPU
		{5AF1816D-761F-44AB-9B7B-038CA4593BC6}.Release|Any CPU.ActiveCfg = Release|Any CPU
		{5AF1816D-761F-44AB-9B7B-038CA4593BC6}.Release|Any CPU.Build.0 = Release|Any CPU
		{B03B4143-D85E-49D0-943F-9CB8D48B8507}.Debug|Any CPU.ActiveCfg = Debug|Any CPU
		{B03B4143-D85E-49D0-943F-9CB8D48B8507}.Debug|Any CPU.Build.0 = Debug|Any CPU
		{B03B4143-D85E-49D0-943F-9CB8D48B8507}.Release|Any CPU.ActiveCfg = Release|Any CPU
		{B03B4143-D85E-49D0-943F-9CB8D48B8507}.Release|Any CPU.Build.0 = Release|Any CPU
		{53F14A9F-59DA-4CAE-8CE3-5366442B770B}.Debug|Any CPU.ActiveCfg = Debug|Any CPU
		{53F14A9F-59DA-4CAE-8CE3-5366442B770B}.Debug|Any CPU.Build.0 = Debug|Any CPU
		{53F14A9F-59DA-4CAE-8CE3-5366442B770B}.Release|Any CPU.ActiveCfg = Release|Any CPU
		{53F14A9F-59DA-4CAE-8CE3-5366442B770B}.Release|Any CPU.Build.0 = Release|Any CPU
		{A3A48707-80E6-4D40-9B22-18674897DFA9}.Debug|Any CPU.ActiveCfg = Debug|Any CPU
		{A3A48707-80E6-4D40-9B22-18674897DFA9}.Debug|Any CPU.Build.0 = Debug|Any CPU
		{A3A48707-80E6-4D40-9B22-18674897DFA9}.Release|Any CPU.ActiveCfg = Release|Any CPU
		{A3A48707-80E6-4D40-9B22-18674897DFA9}.Release|Any CPU.Build.0 = Release|Any CPU
		{FAE5AAF6-23EC-4C1C-8659-19AF8B629945}.Debug|Any CPU.ActiveCfg = Debug|Any CPU
		{FAE5AAF6-23EC-4C1C-8659-19AF8B629945}.Debug|Any CPU.Build.0 = Debug|Any CPU
		{FAE5AAF6-23EC-4C1C-8659-19AF8B629945}.Release|Any CPU.ActiveCfg = Release|Any CPU
		{FAE5AAF6-23EC-4C1C-8659-19AF8B629945}.Release|Any CPU.Build.0 = Release|Any CPU
	EndGlobalSection
	GlobalSection(SolutionProperties) = preSolution
		HideSolutionNode = FALSE
	EndGlobalSection
	GlobalSection(NestedProjects) = preSolution
		{53F14A9F-59DA-4CAE-8CE3-5366442B770B} = {691AD735-3794-4BE0-A0FC-E51751005568}
		{FAE5AAF6-23EC-4C1C-8659-19AF8B629945} = {691AD735-3794-4BE0-A0FC-E51751005568}
	EndGlobalSection
EndGlobal
